
Microsoft Visual Studio Solution File, Format Version 12.00
# Visual Studio 15
VisualStudioVersion = 15.0.26730.3
MinimumVisualStudioVersion = 10.0.40219.1
Project("{FAE04EC0-301F-11D3-BF4B-00C04F79EFBC}") = "TrabalhoATP", "TrabalhoATP\TrabalhoATP.csproj", "{219BF110-6ECB-4016-9036-DDDAEA25D18E}"
EndProject
Global
	GlobalSection(SolutionConfigurationPlatforms) = preSolution
		Debug|Any CPU = Debug|Any CPU
		Release|Any CPU = Release|Any CPU
	EndGlobalSection
	GlobalSection(ProjectConfigurationPlatforms) = postSolution
		{219BF110-6ECB-4016-9036-DDDAEA25D18E}.Debug|Any CPU.ActiveCfg = Debug|Any CPU
		{219BF110-6ECB-4016-9036-DDDAEA25D18E}.Debug|Any CPU.Build.0 = Debug|Any CPU
		{219BF110-6ECB-4016-9036-DDDAEA25D18E}.Release|Any CPU.ActiveCfg = Release|Any CPU
		{219BF110-6ECB-4016-9036-DDDAEA25D18E}.Release|Any CPU.Build.0 = Release|Any CPU
	EndGlobalSection
	GlobalSection(SolutionProperties) = preSolution
		HideSolutionNode = FALSE
	EndGlobalSection
	GlobalSection(ExtensibilityGlobals) = postSolution
		SolutionGuid = {2F38BAB4-67FF-4CE4-9E28-BF37909580F1}
	EndGlobalSection
EndGlobal
